{
  "name": "dok",
  "version": "0.0.2",
  "lockfileVersion": 2,
  "requires": true,
  "packages": {
    "": {
      "name": "dok",
      "version": "0.0.2",
      "license": "MIT",
      "dependencies": {
        "dokfile": "github:alwint3r/dokfile"
      },
      "bin": {
        "dok": "bin/dok.mjs"
      }
    },
    "node_modules/dokfile": {
      "version": "0.0.1",
      "resolved": "git+ssh://git@github.com/alwint3r/dokfile.git#96f172e662f50d640ee37a2b542d730810e860fc",
      "license": "MIT"
    }
  },
  "dependencies": {
    "dokfile": {
      "version": "git+ssh://git@github.com/alwint3r/dokfile.git#96f172e662f50d640ee37a2b542d730810e860fc",
      "from": "dokfile@github:alwint3r/dokfile"
    }
  }
}
